
Microsoft Visual Studio Solution File, Format Version 12.00
# Visual Studio Version 17
VisualStudioVersion = 17.11.35219.272
MinimumVisualStudioVersion = 10.0.40219.1
Project("{9A19103F-16F7-4668-BE54-9A1E7A4F7556}") = "FS.Farm.WebNavigatorApi", "FS.Farm.WebNavigatorApi\FS.Farm.WebNavigatorApi.csproj", "{013CA708-342C-46B6-924D-48F949303818}"
EndProject
Project("{9A19103F-16F7-4668-BE54-9A1E7A4F7556}") = "FS.Farm.WebNavigator", "FS.Farm.WebNavigator\FS.Farm.WebNavigator.csproj", "{AE0665FF-E21E-4BF5-B798-6483391AD6D2}"
EndProject
Global
	GlobalSection(SolutionConfigurationPlatforms) = preSolution
		Debug|Any CPU = Debug|Any CPU
		Release|Any CPU = Release|Any CPU
	EndGlobalSection
	GlobalSection(ProjectConfigurationPlatforms) = postSolution
		{013CA708-342C-46B6-924D-48F949303818}.Debug|Any CPU.ActiveCfg = Debug|Any CPU
		{013CA708-342C-46B6-924D-48F949303818}.Debug|Any CPU.Build.0 = Debug|Any CPU
		{013CA708-342C-46B6-924D-48F949303818}.Release|Any CPU.ActiveCfg = Release|Any CPU
		{013CA708-342C-46B6-924D-48F949303818}.Release|Any CPU.Build.0 = Release|Any CPU
		{AE0665FF-E21E-4BF5-B798-6483391AD6D2}.Debug|Any CPU.ActiveCfg = Debug|Any CPU
		{AE0665FF-E21E-4BF5-B798-6483391AD6D2}.Debug|Any CPU.Build.0 = Debug|Any CPU
		{AE0665FF-E21E-4BF5-B798-6483391AD6D2}.Release|Any CPU.ActiveCfg = Release|Any CPU
		{AE0665FF-E21E-4BF5-B798-6483391AD6D2}.Release|Any CPU.Build.0 = Release|Any CPU
	EndGlobalSection
	GlobalSection(SolutionProperties) = preSolution
		HideSolutionNode = FALSE
	EndGlobalSection
	GlobalSection(ExtensibilityGlobals) = postSolution
		SolutionGuid = {98E1584A-E268-48F7-8F4E-62D3356D5C1E}
	EndGlobalSection
EndGlobal
