
Microsoft Visual Studio Solution File, Format Version 12.00
# Visual Studio 15
VisualStudioVersion = 15.0.28307.271
MinimumVisualStudioVersion = 10.0.40219.1
Project("{9A19103F-16F7-4668-BE54-9A1E7A4F7556}") = "ND.Common", "ND.Common.csproj", "{EB98E16C-E36E-43CA-8824-43A6E0C21E69}"
EndProject
Global
	GlobalSection(SolutionConfigurationPlatforms) = preSolution
		Debug|Any CPU = Debug|Any CPU
		Release|Any CPU = Release|Any CPU
	EndGlobalSection
	GlobalSection(ProjectConfigurationPlatforms) = postSolution
		{EB98E16C-E36E-43CA-8824-43A6E0C21E69}.Debug|Any CPU.ActiveCfg = Debug|Any CPU
		{EB98E16C-E36E-43CA-8824-43A6E0C21E69}.Debug|Any CPU.Build.0 = Debug|Any CPU
		{EB98E16C-E36E-43CA-8824-43A6E0C21E69}.Release|Any CPU.ActiveCfg = Release|Any CPU
		{EB98E16C-E36E-43CA-8824-43A6E0C21E69}.Release|Any CPU.Build.0 = Release|Any CPU
	EndGlobalSection
	GlobalSection(SolutionProperties) = preSolution
		HideSolutionNode = FALSE
	EndGlobalSection
	GlobalSection(ExtensibilityGlobals) = postSolution
		SolutionGuid = {283F33A6-C243-49AC-9ED4-EC514B693648}
	EndGlobalSection
EndGlobal
